
Microsoft Visual Studio Solution File, Format Version 12.00
# Visual Studio 15
VisualStudioVersion = 15.0.28307.168
MinimumVisualStudioVersion = 10.0.40219.1
Project("{FAE04EC0-301F-11D3-BF4B-00C04F79EFBC}") = "BloodTrace.Android", "BloodTrace\BloodTrace.Android\BloodTrace.Android.csproj", "{C279CB2F-F416-4826-814A-1CDECF56F6C6}"
EndProject
Project("{FAE04EC0-301F-11D3-BF4B-00C04F79EFBC}") = "BloodTrace.iOS", "BloodTrace\BloodTrace.iOS\BloodTrace.iOS.csproj", "{FA4D581D-8EAD-4CE2-B0D9-2421586E4582}"
EndProject
Project("{9A19103F-16F7-4668-BE54-9A1E7A4F7556}") = "BloodTrace", "BloodTrace\BloodTrace\BloodTrace.csproj", "{F603B87A-9111-4DCB-9F50-E55BD266E63C}"
EndProject
Project("{FAE04EC0-301F-11D3-BF4B-00C04F79EFBC}") = "BloodTraceApi", "BloodTraceApi\BloodTraceApi.csproj", "{36D982A7-373E-45E7-BB89-6C7B879C5963}"
EndProject
Global
	GlobalSection(SolutionConfigurationPlatforms) = preSolution
		Ad-Hoc|Any CPU = Ad-Hoc|Any CPU
		Ad-Hoc|iPhone = Ad-Hoc|iPhone
		Ad-Hoc|iPhoneSimulator = Ad-Hoc|iPhoneSimulator
		AppStore|Any CPU = AppStore|Any CPU
		AppStore|iPhone = AppStore|iPhone
		AppStore|iPhoneSimulator = AppStore|iPhoneSimulator
		Debug|Any CPU = Debug|Any CPU
		Debug|iPhone = Debug|iPhone
		Debug|iPhoneSimulator = Debug|iPhoneSimulator
		Release|Any CPU = Release|Any CPU
		Release|iPhone = Release|iPhone
		Release|iPhoneSimulator = Release|iPhoneSimulator
	EndGlobalSection
	GlobalSection(ProjectConfigurationPlatforms) = postSolution
		{C279CB2F-F416-4826-814A-1CDECF56F6C6}.Ad-Hoc|Any CPU.ActiveCfg = Release|Any CPU
		{C279CB2F-F416-4826-814A-1CDECF56F6C6}.Ad-Hoc|Any CPU.Build.0 = Release|Any CPU
		{C279CB2F-F416-4826-814A-1CDECF56F6C6}.Ad-Hoc|Any CPU.Deploy.0 = Release|Any CPU
		{C279CB2F-F416-4826-814A-1CDECF56F6C6}.Ad-Hoc|iPhone.ActiveCfg = Release|Any CPU
		{C279CB2F-F416-4826-814A-1CDECF56F6C6}.Ad-Hoc|iPhone.Build.0 = Release|Any CPU
		{C279CB2F-F416-4826-814A-1CDECF56F6C6}.Ad-Hoc|iPhone.Deploy.0 = Release|Any CPU
		{C279CB2F-F416-4826-814A-1CDECF56F6C6}.Ad-Hoc|iPhoneSimulator.ActiveCfg = Release|Any CPU
		{C279CB2F-F416-4826-814A-1CDECF56F6C6}.Ad-Hoc|iPhoneSimulator.Build.0 = Release|Any CPU
		{C279CB2F-F416-4826-814A-1CDECF56F6C6}.Ad-Hoc|iPhoneSimulator.Deploy.0 = Release|Any CPU
		{C279CB2F-F416-4826-814A-1CDECF56F6C6}.AppStore|Any CPU.ActiveCfg = Release|Any CPU
		{C279CB2F-F416-4826-814A-1CDECF56F6C6}.AppStore|Any CPU.Build.0 = Release|Any CPU
		{C279CB2F-F416-4826-814A-1CDECF56F6C6}.AppStore|Any CPU.Deploy.0 = Release|Any CPU
		{C279CB2F-F416-4826-814A-1CDECF56F6C6}.AppStore|iPhone.ActiveCfg = Release|Any CPU
		{C279CB2F-F416-4826-814A-1CDECF56F6C6}.AppStore|iPhone.Build.0 = Release|Any CPU
		{C279CB2F-F416-4826-814A-1CDECF56F6C6}.AppStore|iPhone.Deploy.0 = Release|Any CPU
		{C279CB2F-F416-4826-814A-1CDECF56F6C6}.AppStore|iPhoneSimulator.ActiveCfg = Release|Any CPU
		{C279CB2F-F416-4826-814A-1CDECF56F6C6}.AppStore|iPhoneSimulator.Build.0 = Release|Any CPU
		{C279CB2F-F416-4826-814A-1CDECF56F6C6}.AppStore|iPhoneSimulator.Deploy.0 = Release|Any CPU
		{C279CB2F-F416-4826-814A-1CDECF56F6C6}.Debug|Any CPU.ActiveCfg = Debug|Any CPU
		{C279CB2F-F416-4826-814A-1CDECF56F6C6}.Debug|Any CPU.Build.0 = Debug|Any CPU
		{C279CB2F-F416-4826-814A-1CDECF56F6C6}.Debug|Any CPU.Deploy.0 = Debug|Any CPU
		{C279CB2F-F416-4826-814A-1CDECF56F6C6}.Debug|iPhone.ActiveCfg = Debug|Any CPU
		{C279CB2F-F416-4826-814A-1CDECF56F6C6}.Debug|iPhone.Build.0 = Debug|Any CPU
		{C279CB2F-F416-4826-814A-1CDECF56F6C6}.Debug|iPhone.Deploy.0 = Debug|Any CPU
		{C279CB2F-F416-4826-814A-1CDECF56F6C6}.Debug|iPhoneSimulator.ActiveCfg = Debug|Any CPU
		{C279CB2F-F416-4826-814A-1CDECF56F6C6}.Debug|iPhoneSimulator.Build.0 = Debug|Any CPU
		{C279CB2F-F416-4826-814A-1CDECF56F6C6}.Debug|iPhoneSimulator.Deploy.0 = Debug|Any CPU
		{C279CB2F-F416-4826-814A-1CDECF56F6C6}.Release|Any CPU.ActiveCfg = Release|Any CPU
		{C279CB2F-F416-4826-814A-1CDECF56F6C6}.Release|Any CPU.Build.0 = Release|Any CPU
		{C279CB2F-F416-4826-814A-1CDECF56F6C6}.Release|Any CPU.Deploy.0 = Release|Any CPU
		{C279CB2F-F416-4826-814A-1CDECF56F6C6}.Release|iPhone.ActiveCfg = Release|Any CPU
		{C279CB2F-F416-4826-814A-1CDECF56F6C6}.Release|iPhone.Build.0 = Release|Any CPU
		{C279CB2F-F416-4826-814A-1CDECF56F6C6}.Release|iPhone.Deploy.0 = Release|Any CPU
		{C279CB2F-F416-4826-814A-1CDECF56F6C6}.Release|iPhoneSimulator.ActiveCfg = Release|Any CPU
		{C279CB2F-F416-4826-814A-1CDECF56F6C6}.Release|iPhoneSimulator.Build.0 = Release|Any CPU
		{C279CB2F-F416-4826-814A-1CDECF56F6C6}.Release|iPhoneSimulator.Deploy.0 = Release|Any CPU
		{FA4D581D-8EAD-4CE2-B0D9-2421586E4582}.Ad-Hoc|Any CPU.ActiveCfg = Ad-Hoc|iPhone
		{FA4D581D-8EAD-4CE2-B0D9-2421586E4582}.Ad-Hoc|Any CPU.Build.0 = Ad-Hoc|iPhone
		{FA4D581D-8EAD-4CE2-B0D9-2421586E4582}.Ad-Hoc|Any CPU.Deploy.0 = Ad-Hoc|iPhone
		{FA4D581D-8EAD-4CE2-B0D9-2421586E4582}.Ad-Hoc|iPhone.ActiveCfg = Ad-Hoc|iPhone
		{FA4D581D-8EAD-4CE2-B0D9-2421586E4582}.Ad-Hoc|iPhone.Build.0 = Ad-Hoc|iPhone
		{FA4D581D-8EAD-4CE2-B0D9-2421586E4582}.Ad-Hoc|iPhone.Deploy.0 = Ad-Hoc|iPhone
		{FA4D581D-8EAD-4CE2-B0D9-2421586E4582}.Ad-Hoc|iPhoneSimulator.ActiveCfg = Ad-Hoc|iPhoneSimulator
		{FA4D581D-8EAD-4CE2-B0D9-2421586E4582}.Ad-Hoc|iPhoneSimulator.Build.0 = Ad-Hoc|iPhoneSimulator
		{FA4D581D-8EAD-4CE2-B0D9-2421586E4582}.Ad-Hoc|iPhoneSimulator.Deploy.0 = Ad-Hoc|iPhoneSimulator
		{FA4D581D-8EAD-4CE2-B0D9-2421586E4582}.AppStore|Any CPU.ActiveCfg = AppStore|iPhone
		{FA4D581D-8EAD-4CE2-B0D9-2421586E4582}.AppStore|Any CPU.Build.0 = AppStore|iPhone
		{FA4D581D-8EAD-4CE2-B0D9-2421586E4582}.AppStore|Any CPU.Deploy.0 = AppStore|iPhone
		{FA4D581D-8EAD-4CE2-B0D9-2421586E4582}.AppStore|iPhone.ActiveCfg = AppStore|iPhone
		{FA4D581D-8EAD-4CE2-B0D9-2421586E4582}.AppStore|iPhone.Build.0 = AppStore|iPhone
		{FA4D581D-8EAD-4CE2-B0D9-2421586E4582}.AppStore|iPhone.Deploy.0 = AppStore|iPhone
		{FA4D581D-8EAD-4CE2-B0D9-2421586E4582}.AppStore|iPhoneSimulator.ActiveCfg = AppStore|iPhoneSimulator
		{FA4D581D-8EAD-4CE2-B0D9-2421586E4582}.AppStore|iPhoneSimulator.Build.0 = AppStore|iPhoneSimulator
		{FA4D581D-8EAD-4CE2-B0D9-2421586E4582}.AppStore|iPhoneSimulator.Deploy.0 = AppStore|iPhoneSimulator
		{FA4D581D-8EAD-4CE2-B0D9-2421586E4582}.Debug|Any CPU.ActiveCfg = Debug|iPhoneSimulator
		{FA4D581D-8EAD-4CE2-B0D9-2421586E4582}.Debug|Any CPU.Build.0 = Debug|iPhoneSimulator
		{FA4D581D-8EAD-4CE2-B0D9-2421586E4582}.Debug|Any CPU.Deploy.0 = Debug|iPhoneSimulator
		{FA4D581D-8EAD-4CE2-B0D9-2421586E4582}.Debug|iPhone.ActiveCfg = Debug|iPhone
		{FA4D581D-8EAD-4CE2-B0D9-2421586E4582}.Debug|iPhone.Build.0 = Debug|iPhone
		{FA4D581D-8EAD-4CE2-B0D9-2421586E4582}.Debug|iPhone.Deploy.0 = Debug|iPhone
		{FA4D581D-8EAD-4CE2-B0D9-2421586E4582}.Debug|iPhoneSimulator.ActiveCfg = Debug|iPhoneSimulator
		{FA4D581D-8EAD-4CE2-B0D9-2421586E4582}.Debug|iPhoneSimulator.Build.0 = Debug|iPhoneSimulator
		{FA4D581D-8EAD-4CE2-B0D9-2421586E4582}.Debug|iPhoneSimulator.Deploy.0 = Debug|iPhoneSimulator
		{FA4D581D-8EAD-4CE2-B0D9-2421586E4582}.Release|Any CPU.ActiveCfg = Release|iPhone
		{FA4D581D-8EAD-4CE2-B0D9-2421586E4582}.Release|Any CPU.Build.0 = Release|iPhone
		{FA4D581D-8EAD-4CE2-B0D9-2421586E4582}.Release|Any CPU.Deploy.0 = Release|iPhone
		{FA4D581D-8EAD-4CE2-B0D9-2421586E4582}.Release|iPhone.ActiveCfg = Release|iPhone
		{FA4D581D-8EAD-4CE2-B0D9-2421586E4582}.Release|iPhone.Build.0 = Release|iPhone
		{FA4D581D-8EAD-4CE2-B0D9-2421586E4582}.Release|iPhone.Deploy.0 = Release|iPhone
		{FA4D581D-8EAD-4CE2-B0D9-2421586E4582}.Release|iPhoneSimulator.ActiveCfg = Release|iPhoneSimulator
		{FA4D581D-8EAD-4CE2-B0D9-2421586E4582}.Release|iPhoneSimulator.Build.0 = Release|iPhoneSimulator
		{FA4D581D-8EAD-4CE2-B0D9-2421586E4582}.Release|iPhoneSimulator.Deploy.0 = Release|iPhoneSimulator
		{F603B87A-9111-4DCB-9F50-E55BD266E63C}.Ad-Hoc|Any CPU.ActiveCfg = Debug|Any CPU
		{F603B87A-9111-4DCB-9F50-E55BD266E63C}.Ad-Hoc|Any CPU.Build.0 = Debug|Any CPU
		{F603B87A-9111-4DCB-9F50-E55BD266E63C}.Ad-Hoc|Any CPU.Deploy.0 = Debug|Any CPU
		{F603B87A-9111-4DCB-9F50-E55BD266E63C}.Ad-Hoc|iPhone.ActiveCfg = Debug|Any CPU
		{F603B87A-9111-4DCB-9F50-E55BD266E63C}.Ad-Hoc|iPhone.Build.0 = Debug|Any CPU
		{F603B87A-9111-4DCB-9F50-E55BD266E63C}.Ad-Hoc|iPhone.Deploy.0 = Debug|Any CPU
		{F603B87A-9111-4DCB-9F50-E55BD266E63C}.Ad-Hoc|iPhoneSimulator.ActiveCfg = Debug|Any CPU
		{F603B87A-9111-4DCB-9F50-E55BD266E63C}.Ad-Hoc|iPhoneSimulator.Build.0 = Debug|Any CPU
		{F603B87A-9111-4DCB-9F50-E55BD266E63C}.Ad-Hoc|iPhoneSimulator.Deploy.0 = Debug|Any CPU
		{F603B87A-9111-4DCB-9F50-E55BD266E63C}.AppStore|Any CPU.ActiveCfg = Debug|Any CPU
		{F603B87A-9111-4DCB-9F50-E55BD266E63C}.AppStore|Any CPU.Build.0 = Debug|Any CPU
		{F603B87A-9111-4DCB-9F50-E55BD266E63C}.AppStore|Any CPU.Deploy.0 = Debug|Any CPU
		{F603B87A-9111-4DCB-9F50-E55BD266E63C}.AppStore|iPhone.ActiveCfg = Debug|Any CPU
		{F603B87A-9111-4DCB-9F50-E55BD266E63C}.AppStore|iPhone.Build.0 = Debug|Any CPU
		{F603B87A-9111-4DCB-9F50-E55BD266E63C}.AppStore|iPhone.Deploy.0 = Debug|Any CPU
		{F603B87A-9111-4DCB-9F50-E55BD266E63C}.AppStore|iPhoneSimulator.ActiveCfg = Debug|Any CPU
		{F603B87A-9111-4DCB-9F50-E55BD266E63C}.AppStore|iPhoneSimulator.Build.0 = Debug|Any CPU
		{F603B87A-9111-4DCB-9F50-E55BD266E63C}.AppStore|iPhoneSimulator.Deploy.0 = Debug|Any CPU
		{F603B87A-9111-4DCB-9F50-E55BD266E63C}.Debug|Any CPU.ActiveCfg = Debug|Any CPU
		{F603B87A-9111-4DCB-9F50-E55BD266E63C}.Debug|Any CPU.Build.0 = Debug|Any CPU
		{F603B87A-9111-4DCB-9F50-E55BD266E63C}.Debug|Any CPU.Deploy.0 = Debug|Any CPU
		{F603B87A-9111-4DCB-9F50-E55BD266E63C}.Debug|iPhone.ActiveCfg = Debug|Any CPU
		{F603B87A-9111-4DCB-9F50-E55BD266E63C}.Debug|iPhone.Build.0 = Debug|Any CPU
		{F603B87A-9111-4DCB-9F50-E55BD266E63C}.Debug|iPhone.Deploy.0 = Debug|Any CPU
		{F603B87A-9111-4DCB-9F50-E55BD266E63C}.Debug|iPhoneSimulator.ActiveCfg = Debug|Any CPU
		{F603B87A-9111-4DCB-9F50-E55BD266E63C}.Debug|iPhoneSimulator.Build.0 = Debug|Any CPU
		{F603B87A-9111-4DCB-9F50-E55BD266E63C}.Debug|iPhoneSimulator.Deploy.0 = Debug|Any CPU
		{F603B87A-9111-4DCB-9F50-E55BD266E63C}.Release|Any CPU.ActiveCfg = Release|Any CPU
		{F603B87A-9111-4DCB-9F50-E55BD266E63C}.Release|Any CPU.Build.0 = Release|Any CPU
		{F603B87A-9111-4DCB-9F50-E55BD266E63C}.Release|Any CPU.Deploy.0 = Release|Any CPU
		{F603B87A-9111-4DCB-9F50-E55BD266E63C}.Release|iPhone.ActiveCfg = Release|Any CPU
		{F603B87A-9111-4DCB-9F50-E55BD266E63C}.Release|iPhone.Build.0 = Release|Any CPU
		{F603B87A-9111-4DCB-9F50-E55BD266E63C}.Release|iPhone.Deploy.0 = Release|Any CPU
		{F603B87A-9111-4DCB-9F50-E55BD266E63C}.Release|iPhoneSimulator.ActiveCfg = Release|Any CPU
		{F603B87A-9111-4DCB-9F50-E55BD266E63C}.Release|iPhoneSimulator.Build.0 = Release|Any CPU
		{F603B87A-9111-4DCB-9F50-E55BD266E63C}.Release|iPhoneSimulator.Deploy.0 = Release|Any CPU
		{36D982A7-373E-45E7-BB89-6C7B879C5963}.Ad-Hoc|Any CPU.ActiveCfg = Release|Any CPU
		{36D982A7-373E-45E7-BB89-6C7B879C5963}.Ad-Hoc|Any CPU.Build.0 = Release|Any CPU
		{36D982A7-373E-45E7-BB89-6C7B879C5963}.Ad-Hoc|iPhone.ActiveCfg = Release|Any CPU
		{36D982A7-373E-45E7-BB89-6C7B879C5963}.Ad-Hoc|iPhone.Build.0 = Release|Any CPU
		{36D982A7-373E-45E7-BB89-6C7B879C5963}.Ad-Hoc|iPhoneSimulator.ActiveCfg = Release|Any CPU
		{36D982A7-373E-45E7-BB89-6C7B879C5963}.Ad-Hoc|iPhoneSimulator.Build.0 = Release|Any CPU
		{36D982A7-373E-45E7-BB89-6C7B879C5963}.AppStore|Any CPU.ActiveCfg = Release|Any CPU
		{36D982A7-373E-45E7-BB89-6C7B879C5963}.AppStore|Any CPU.Build.0 = Release|Any CPU
		{36D982A7-373E-45E7-BB89-6C7B879C5963}.AppStore|iPhone.ActiveCfg = Release|Any CPU
		{36D982A7-373E-45E7-BB89-6C7B879C5963}.AppStore|iPhone.Build.0 = Release|Any CPU
		{36D982A7-373E-45E7-BB89-6C7B879C5963}.AppStore|iPhoneSimulator.ActiveCfg = Release|Any CPU
		{36D982A7-373E-45E7-BB89-6C7B879C5963}.AppStore|iPhoneSimulator.Build.0 = Release|Any CPU
		{36D982A7-373E-45E7-BB89-6C7B879C5963}.Debug|Any CPU.ActiveCfg = Debug|Any CPU
		{36D982A7-373E-45E7-BB89-6C7B879C5963}.Debug|Any CPU.Build.0 = Debug|Any CPU
		{36D982A7-373E-45E7-BB89-6C7B879C5963}.Debug|iPhone.ActiveCfg = Debug|Any CPU
		{36D982A7-373E-45E7-BB89-6C7B879C5963}.Debug|iPhone.Build.0 = Debug|Any CPU
		{36D982A7-373E-45E7-BB89-6C7B879C5963}.Debug|iPhoneSimulator.ActiveCfg = Debug|Any CPU
		{36D982A7-373E-45E7-BB89-6C7B879C5963}.Debug|iPhoneSimulator.Build.0 = Debug|Any CPU
		{36D982A7-373E-45E7-BB89-6C7B879C5963}.Release|Any CPU.ActiveCfg = Release|Any CPU
		{36D982A7-373E-45E7-BB89-6C7B879C5963}.Release|Any CPU.Build.0 = Release|Any CPU
		{36D982A7-373E-45E7-BB89-6C7B879C5963}.Release|iPhone.ActiveCfg = Release|Any CPU
		{36D982A7-373E-45E7-BB89-6C7B879C5963}.Release|iPhone.Build.0 = Release|Any CPU
		{36D982A7-373E-45E7-BB89-6C7B879C5963}.Release|iPhoneSimulator.ActiveCfg = Release|Any CPU
		{36D982A7-373E-45E7-BB89-6C7B879C5963}.Release|iPhoneSimulator.Build.0 = Release|Any CPU
	EndGlobalSection
	GlobalSection(SolutionProperties) = preSolution
		HideSolutionNode = FALSE
	EndGlobalSection
	GlobalSection(ExtensibilityGlobals) = postSolution
		SolutionGuid = {237C3B80-6ABA-4AE5-82F7-9DBFA074E48A}
	EndGlobalSection
EndGlobal
